
Microsoft Visual Studio Solution File, Format Version 12.00
# Visual Studio Version 17
VisualStudioVersion = 17.4.33213.308
MinimumVisualStudioVersion = 10.0.40219.1
Project("{FAE04EC0-301F-11D3-BF4B-00C04F79EFBC}") = "MATINFO", "MATINFO\MATINFO.csproj", "{530CBCBA-D30D-4C56-AF97-AE407013BEED}"
EndProject
Global
	GlobalSection(SolutionConfigurationPlatforms) = preSolution
		Debug|Any CPU = Debug|Any CPU
		Release|Any CPU = Release|Any CPU
	EndGlobalSection
	GlobalSection(ProjectConfigurationPlatforms) = postSolution
		{530CBCBA-D30D-4C56-AF97-AE407013BEED}.Debug|Any CPU.ActiveCfg = Debug|Any CPU
		{530CBCBA-D30D-4C56-AF97-AE407013BEED}.Debug|Any CPU.Build.0 = Debug|Any CPU
		{530CBCBA-D30D-4C56-AF97-AE407013BEED}.Release|Any CPU.ActiveCfg = Release|Any CPU
		{530CBCBA-D30D-4C56-AF97-AE407013BEED}.Release|Any CPU.Build.0 = Release|Any CPU
	EndGlobalSection
	GlobalSection(SolutionProperties) = preSolution
		HideSolutionNode = FALSE
	EndGlobalSection
	GlobalSection(ExtensibilityGlobals) = postSolution
		SolutionGuid = {A5F1C32A-7970-45DF-A52D-C714C5D0D9B8}
	EndGlobalSection
EndGlobal
